
Microsoft Visual Studio Solution File, Format Version 12.00
# Visual Studio 14
VisualStudioVersion = 14.0.25420.1
MinimumVisualStudioVersion = 10.0.40219.1
Project("{FAE04EC0-301F-11D3-BF4B-00C04F79EFBC}") = "TerrariumConsoleProject", "Terrarium\TerrariumConsoleProject.csproj", "{69C22E9D-A533-4EE5-A832-6A45ECC39D37}"
EndProject
Project("{FAE04EC0-301F-11D3-BF4B-00C04F79EFBC}") = "TerrariumWindow", "TerrariumWindow\TerrariumWindow.csproj", "{C336E2D5-4D8E-4DB4-8494-CCB128E4A5E2}"
EndProject
Global
	GlobalSection(SolutionConfigurationPlatforms) = preSolution
		Debug|Any CPU = Debug|Any CPU
		Release|Any CPU = Release|Any CPU
	EndGlobalSection
	GlobalSection(ProjectConfigurationPlatforms) = postSolution
		{69C22E9D-A533-4EE5-A832-6A45ECC39D37}.Debug|Any CPU.ActiveCfg = Debug|Any CPU
		{69C22E9D-A533-4EE5-A832-6A45ECC39D37}.Debug|Any CPU.Build.0 = Debug|Any CPU
		{69C22E9D-A533-4EE5-A832-6A45ECC39D37}.Release|Any CPU.ActiveCfg = Release|Any CPU
		{69C22E9D-A533-4EE5-A832-6A45ECC39D37}.Release|Any CPU.Build.0 = Release|Any CPU
		{C336E2D5-4D8E-4DB4-8494-CCB128E4A5E2}.Debug|Any CPU.ActiveCfg = Debug|Any CPU
		{C336E2D5-4D8E-4DB4-8494-CCB128E4A5E2}.Debug|Any CPU.Build.0 = Debug|Any CPU
		{C336E2D5-4D8E-4DB4-8494-CCB128E4A5E2}.Release|Any CPU.ActiveCfg = Release|Any CPU
		{C336E2D5-4D8E-4DB4-8494-CCB128E4A5E2}.Release|Any CPU.Build.0 = Release|Any CPU
	EndGlobalSection
	GlobalSection(SolutionProperties) = preSolution
		HideSolutionNode = FALSE
	EndGlobalSection
	GlobalSection(TeamFoundationVersionControl) = preSolution
		SccNumberOfProjects = 3
		SccEnterpriseProvider = {4CA58AB2-18FA-4F8D-95D4-32DDF27D184C}
		SccTeamFoundationServer = https://vdabheverlee2.visualstudio.com/
		SccLocalPath0 = .
		SccProjectUniqueName1 = Terrarium\\TerrariumConsoleProject.csproj
		SccProjectName1 = Terrarium
		SccLocalPath1 = Terrarium
		SccProjectUniqueName2 = TerrariumWindow\\TerrariumWindow.csproj
		SccProjectName2 = TerrariumWindow
		SccLocalPath2 = TerrariumWindow
	EndGlobalSection
EndGlobal
